
Microsoft Visual Studio Solution File, Format Version 12.00
# Visual Studio Version 17
VisualStudioVersion = 17.4.33213.308
MinimumVisualStudioVersion = 10.0.40219.1
Project("{FAE04EC0-301F-11D3-BF4B-00C04F79EFBC}") = "MathQuiz", "MathQuiz\MathQuiz.csproj", "{B1029422-5D5C-475B-9CCD-48E6E6F4E40F}"
EndProject
Global
	GlobalSection(SolutionConfigurationPlatforms) = preSolution
		Debug|Any CPU = Debug|Any CPU
		Release|Any CPU = Release|Any CPU
	EndGlobalSection
	GlobalSection(ProjectConfigurationPlatforms) = postSolution
		{B1029422-5D5C-475B-9CCD-48E6E6F4E40F}.Debug|Any CPU.ActiveCfg = Debug|Any CPU
		{B1029422-5D5C-475B-9CCD-48E6E6F4E40F}.Debug|Any CPU.Build.0 = Debug|Any CPU
		{B1029422-5D5C-475B-9CCD-48E6E6F4E40F}.Release|Any CPU.ActiveCfg = Release|Any CPU
		{B1029422-5D5C-475B-9CCD-48E6E6F4E40F}.Release|Any CPU.Build.0 = Release|Any CPU
	EndGlobalSection
	GlobalSection(SolutionProperties) = preSolution
		HideSolutionNode = FALSE
	EndGlobalSection
	GlobalSection(ExtensibilityGlobals) = postSolution
		SolutionGuid = {0907B63F-5973-4699-8A1F-C1BB8BBCA280}
	EndGlobalSection
EndGlobal
